<?xml version="1.0" encoding="utf-8"?>
<Project ToolsVersion="4.0" xmlns="http://schemas.microsoft.com/developer/msbuild/2003">
  <ItemGroup>
    <Filter Include="Source Files">
      <UniqueIdentifier>{4FC737F1-C7A5-4376-A066-2A32D752A2FF}</UniqueIdentifier>
      <Extensions>cpp;c;cc;cxx;def;odl;idl;hpj;bat;asm;asmx</Extensions>
    </Filter>
    <Filter Include="Header Files">
      <UniqueIdentifier>{93995380-89BD-4b04-88EB-625FBE52EBFB}</UniqueIdentifier>
      <Extensions>h;hh;hpp;hxx;hm;inl;inc;ipp;xsd</Extensions>
    </Filter>
    <Filter Include="Resource Files">
      <UniqueIdentifier>{67DA6AB6-F800-4c08-8B7A-83BB121AAD01}</UniqueIdentifier>
      <Extensions>rc;ico;cur;bmp;dlg;rc2;rct;bin;rgs;gif;jpg;jpeg;jpe;resx;tiff;tif;png;wav;mfcribbon-ms</Extensions>
    </Filter>
    <Filter Include="Header Files\Cameras">
      <UniqueIdentifier>{bbf28d20-e0fe-41dc-8444-2096524be063}</UniqueIdentifier>
    </Filter>
    <Filter Include="Source Files\Cameras">
      <UniqueIdentifier>{ca0df2fe-4259-4e61-891f-51a590025d27}</UniqueIdentifier>
    </Filter>
    <Filter Include="Header Files\Network">
      <UniqueIdentifier>{9e313ed9-7b2d-4f01-9791-bb2e9b142997}</UniqueIdentifier>
    </Filter>
    <Filter Include="Source Files\Network">
      <UniqueIdentifier>{460e356c-10b8-4e77-8c61-a4aad8be9c74}</UniqueIdentifier>
    </Filter>
    <Filter Include="Source Files\Applications">
      <UniqueIdentifier>{f8ab5cd1-8c3b-4e8a-918a-885c0a654ee1}</UniqueIdentifier>
    </Filter>
    <Filter Include="Header Files\Applications">
      <UniqueIdentifier>{1912961f-b27c-4644-a1e4-c2f82cba6431}</UniqueIdentifier>
    </Filter>
    <Filter Include="Header Files\Compiler Settings">
      <UniqueIdentifier>{d15993c6-5fba-418e-8080-d88e422bad82}</UniqueIdentifier>
    </Filter>
    <Filter Include="Header Files\Utils">
      <UniqueIdentifier>{1fa9b8ad-3ce8-46e9-9df4-259b335d9f54}</UniqueIdentifier>
    </Filter>
    <Filter Include="Source Files\Utils">
      <UniqueIdentifier>{66cb255c-7995-413f-ae90-2c24a940c1f0}</UniqueIdentifier>
    </Filter>
    <Filter Include="Header Files\Network\Protocols">
      <UniqueIdentifier>{dc703b1e-6a9a-42d5-925f-75b14f0a92e2}</UniqueIdentifier>
    </Filter>
    <Filter Include="Source Files\Network\Protocols">
      <UniqueIdentifier>{feac2c89-7c27-4c40-827d-6a29696d59b1}</UniqueIdentifier>
    </Filter>
    <Filter Include="Source Files\Network\Comms">
      <UniqueIdentifier>{25ece380-8729-4e5d-9181-aa2a7213701a}</UniqueIdentifier>
    </Filter>
    <Filter Include="Header Files\Network\Comms">
      <UniqueIdentifier>{dfee6002-2339-49c0-8a6c-cfe4001715dc}</UniqueIdentifier>
    </Filter>
    <Filter Include="Header Files\Network\Comms\NetworkBuffer">
      <UniqueIdentifier>{b631b09b-96ba-412d-bc33-f7a0ae560f52}</UniqueIdentifier>
    </Filter>
  </ItemGroup>
  <ItemGroup>
    <ClCompile Include="Camera.cpp">
      <Filter>Source Files\Cameras</Filter>
    </ClCompile>
    <ClCompile Include="AzureKinect.cpp">
      <Filter>Source Files\Cameras</Filter>
    </ClCompile>
    <ClCompile Include="RealSense.cpp">
      <Filter>Source Files\Cameras</Filter>
    </ClCompile>
    <ClCompile Include="ReplayCamera.cpp">
      <Filter>Source Files\Cameras</Filter>
    </ClCompile>
    <ClCompile Include="TCPRelayCamera.cpp">
      <Filter>Source Files\Cameras</Filter>
    </ClCompile>
    <ClCompile Include="RemoteControlServer.cpp">
      <Filter>Source Files\Applications</Filter>
    </ClCompile>
    <ClCompile Include="VideoRecorder.cpp">
      <Filter>Source Files\Applications</Filter>
    </ClCompile>
    <ClCompile Include="ApplicationStatus.cpp">
      <Filter>Source Files\Utils</Filter>
    </ClCompile>
    <ClCompile Include="Configuration.cpp">
      <Filter>Source Files\Utils</Filter>
    </ClCompile>
    <ClCompile Include="TCPStreamingServer.cpp">
      <Filter>Source Files\Applications</Filter>
    </ClCompile>
    <ClCompile Include="CameraStreamer.cpp">
      <Filter>Source Files</Filter>
    </ClCompile>
    <ClCompile Include="PacketReader.cpp">
      <Filter>Source Files\Network\Protocols</Filter>
    </ClCompile>
    <ClCompile Include="PacketWriter.cpp">
      <Filter>Source Files\Network\Protocols</Filter>
    </ClCompile>
    <ClCompile Include="ReliableCommunicationClientX.cpp">
      <Filter>Source Files\Network\Comms</Filter>
    </ClCompile>
  </ItemGroup>
  <ItemGroup>
    <ClInclude Include="Camera.h">
      <Filter>Header Files\Cameras</Filter>
    </ClInclude>
    <ClInclude Include="AzureKinect.h">
      <Filter>Header Files\Cameras</Filter>
    </ClInclude>
    <ClInclude Include="RealSense.h">
      <Filter>Header Files\Cameras</Filter>
    </ClInclude>
    <ClInclude Include="ReplayCamera.h">
      <Filter>Header Files\Cameras</Filter>
    </ClInclude>
    <ClInclude Include="TCPRelayCamera.h">
      <Filter>Header Files\Cameras</Filter>
    </ClInclude>
    <ClInclude Include="CompilerConfiguration.h">
      <Filter>Header Files\Compiler Settings</Filter>
    </ClInclude>
    <ClInclude Include="Logger.h">
      <Filter>Header Files\Utils</Filter>
    </ClInclude>
    <ClInclude Include="Configuration.h">
      <Filter>Header Files\Utils</Filter>
    </ClInclude>
    <ClInclude Include="ApplicationStatus.h">
      <Filter>Header Files\Utils</Filter>
    </ClInclude>
    <ClInclude Include="RemoteControlServer.h">
      <Filter>Header Files\Applications</Filter>
    </ClInclude>
    <ClInclude Include="TCPStreamingServer.h">
      <Filter>Header Files\Applications</Filter>
    </ClInclude>
    <ClInclude Include="VideoRecorder.h">
      <Filter>Header Files\Applications</Filter>
    </ClInclude>
    <ClInclude Include="Version.h">
      <Filter>Header Files\Utils</Filter>
    </ClInclude>
    <ClInclude Include="Frame.h">
      <Filter>Header Files\Cameras</Filter>
    </ClInclude>
    <ClInclude Include="ReliableCommunicationClientX.h">
      <Filter>Header Files\Network\Comms</Filter>
    </ClInclude>
    <ClInclude Include="NetworkBuffer.h">
      <Filter>Header Files\Network\Comms\NetworkBuffer</Filter>
    </ClInclude>
    <ClInclude Include="VectorNetworkBuffer.h">
      <Filter>Header Files\Network\Comms\NetworkBuffer</Filter>
    </ClInclude>
    <ClInclude Include="FrameNetworkBuffer.h">
      <Filter>Header Files\Network\Comms\NetworkBuffer</Filter>
    </ClInclude>
    <ClInclude Include="PacketReader.h">
      <Filter>Header Files\Network\Protocols</Filter>
    </ClInclude>
    <ClInclude Include="PacketWriter.h">
      <Filter>Header Files\Network\Protocols</Filter>
    </ClInclude>
    <ClInclude Include="NetworkStatistics.h">
      <Filter>Header Files\Network\Comms</Filter>
    </ClInclude>
    <ClInclude Include="CommsErrors.h">
      <Filter>Header Files\Network\Comms</Filter>
    </ClInclude>
  </ItemGroup>
</Project>