<?xml version="1.0" encoding="utf-8"?>
<Project ToolsVersion="4.0" xmlns="http://schemas.microsoft.com/developer/msbuild/2003">
  <ItemGroup>
    <Filter Include="Source Files">
      <UniqueIdentifier>{4FC737F1-C7A5-4376-A066-2A32D752A2FF}</UniqueIdentifier>
      <Extensions>cpp;c;cc;cxx;def;odl;idl;hpj;bat;asm;asmx</Extensions>
    </Filter>
    <Filter Include="Header Files">
      <UniqueIdentifier>{93995380-89BD-4b04-88EB-625FBE52EBFB}</UniqueIdentifier>
      <Extensions>h;hh;hpp;hxx;hm;inl;inc;ipp;xsd</Extensions>
    </Filter>
    <Filter Include="Resource Files">
      <UniqueIdentifier>{67DA6AB6-F800-4c08-8B7A-83BB121AAD01}</UniqueIdentifier>
      <Extensions>rc;ico;cur;bmp;dlg;rc2;rct;bin;rgs;gif;jpg;jpeg;jpe;resx;tiff;tif;png;wav;mfcribbon-ms</Extensions>
    </Filter>
    <Filter Include="Header Files\Cameras">
      <UniqueIdentifier>{bbf28d20-e0fe-41dc-8444-2096524be063}</UniqueIdentifier>
    </Filter>
    <Filter Include="Source Files\Cameras">
      <UniqueIdentifier>{ca0df2fe-4259-4e61-891f-51a590025d27}</UniqueIdentifier>
    </Filter>
  </ItemGroup>
  <ItemGroup>
    <ClCompile Include="KinectStreamer.cpp">
      <Filter>Source Files</Filter>
    </ClCompile>
    <ClCompile Include="RemoteControlServer.cpp">
      <Filter>Source Files</Filter>
    </ClCompile>
    <ClCompile Include="TCPStreamingServer.cpp">
      <Filter>Source Files</Filter>
    </ClCompile>
    <ClCompile Include="VideoRecorder.cpp">
      <Filter>Source Files</Filter>
    </ClCompile>
    <ClCompile Include="ApplicationStatus.cpp">
      <Filter>Source Files</Filter>
    </ClCompile>
    <ClCompile Include="Camera.cpp">
      <Filter>Source Files\Cameras</Filter>
    </ClCompile>
    <ClCompile Include="AzureKinect.cpp">
      <Filter>Source Files\Cameras</Filter>
    </ClCompile>
    <ClCompile Include="RealSense.cpp">
      <Filter>Source Files\Cameras</Filter>
    </ClCompile>
    <ClCompile Include="Configuration.cpp">
      <Filter>Source Files</Filter>
    </ClCompile>
  </ItemGroup>
  <ItemGroup>
    <ClInclude Include="Frame.h">
      <Filter>Header Files</Filter>
    </ClInclude>
    <ClInclude Include="Logger.h">
      <Filter>Header Files</Filter>
    </ClInclude>
    <ClInclude Include="Statistics.h">
      <Filter>Header Files</Filter>
    </ClInclude>
    <ClInclude Include="RemoteControlServer.h">
      <Filter>Header Files</Filter>
    </ClInclude>
    <ClInclude Include="TCPStreamingServer.h">
      <Filter>Header Files</Filter>
    </ClInclude>
    <ClInclude Include="VideoRecorder.h">
      <Filter>Header Files</Filter>
    </ClInclude>
    <ClInclude Include="ApplicationStatus.h">
      <Filter>Header Files</Filter>
    </ClInclude>
    <ClInclude Include="Camera.h">
      <Filter>Header Files\Cameras</Filter>
    </ClInclude>
    <ClInclude Include="AzureKinect.h">
      <Filter>Header Files\Cameras</Filter>
    </ClInclude>
    <ClInclude Include="RealSense.h">
      <Filter>Header Files\Cameras</Filter>
    </ClInclude>
    <ClInclude Include="CompilerConfiguration.h">
      <Filter>Header Files</Filter>
    </ClInclude>
    <ClInclude Include="Configuration.h">
      <Filter>Header Files</Filter>
    </ClInclude>
    <ClInclude Include="Version.h">
      <Filter>Header Files</Filter>
    </ClInclude>
  </ItemGroup>
</Project>